// !$*UTF8*$!
{
	archiveVersion = 1;
	classes = {
	};
	objectVersion = 50;
	objects = {

/* Begin PBXBuildFile section */
		8118257921CCEF5A00983628 /* AppDelegate.swift in Sources */ = {isa = PBXBuildFile; fileRef = 8118257821CCEF5A00983628 /* AppDelegate.swift */; };
		8118257B21CCEF5A00983628 /* TodoListViewController.swift in Sources */ = {isa = PBXBuildFile; fileRef = 8118257A21CCEF5A00983628 /* TodoListViewController.swift */; };
		8118257E21CCEF5A00983628 /* Main.storyboard in Resources */ = {isa = PBXBuildFile; fileRef = 8118257C21CCEF5A00983628 /* Main.storyboard */; };
		8118258021CCEF5C00983628 /* Assets.xcassets in Resources */ = {isa = PBXBuildFile; fileRef = 8118257F21CCEF5C00983628 /* Assets.xcassets */; };
		8118258321CCEF5C00983628 /* LaunchScreen.storyboard in Resources */ = {isa = PBXBuildFile; fileRef = 8118258121CCEF5C00983628 /* LaunchScreen.storyboard */; };
		812AB94021E3D5240089EC70 /* SwipeTableViewController.swift in Sources */ = {isa = PBXBuildFile; fileRef = 812AB93F21E3D5240089EC70 /* SwipeTableViewController.swift */; };
		815A8F3A21E2688E00900874 /* CategoryViewController.swift in Sources */ = {isa = PBXBuildFile; fileRef = 815A8F3921E2688E00900874 /* CategoryViewController.swift */; };
		815A8F3E21E3509000900874 /* Item.swift in Sources */ = {isa = PBXBuildFile; fileRef = 815A8F3D21E3509000900874 /* Item.swift */; };
		815A8F4021E3509C00900874 /* Category.swift in Sources */ = {isa = PBXBuildFile; fileRef = 815A8F3F21E3509C00900874 /* Category.swift */; };
		C8AD1CA25AD352E02474CE7E /* Pods_Todoey_dernier_attempt.framework in Frameworks */ = {isa = PBXBuildFile; fileRef = F33CA1609DAE25287378AE60 /* Pods_Todoey_dernier_attempt.framework */; };
/* End PBXBuildFile section */

/* Begin PBXFileReference section */
		8118257521CCEF5A00983628 /* Todoey dernier attempt.app */ = {isa = PBXFileReference; explicitFileType = wrapper.application; includeInIndex = 0; path = "Todoey dernier attempt.app"; sourceTree = BUILT_PRODUCTS_DIR; };
		8118257821CCEF5A00983628 /* AppDelegate.swift */ = {isa = PBXFileReference; lastKnownFileType = sourcecode.swift; path = AppDelegate.swift; sourceTree = "<group>"; };
		8118257A21CCEF5A00983628 /* TodoListViewController.swift */ = {isa = PBXFileReference; lastKnownFileType = sourcecode.swift; path = TodoListViewController.swift; sourceTree = "<group>"; };
		8118257D21CCEF5A00983628 /* Base */ = {isa = PBXFileReference; lastKnownFileType = file.storyboard; name = Base; path = Base.lproj/Main.storyboard; sourceTree = "<group>"; };
		8118257F21CCEF5C00983628 /* Assets.xcassets */ = {isa = PBXFileReference; lastKnownFileType = folder.assetcatalog; path = Assets.xcassets; sourceTree = "<group>"; };
		8118258221CCEF5C00983628 /* Base */ = {isa = PBXFileReference; lastKnownFileType = file.storyboard; name = Base; path = Base.lproj/LaunchScreen.storyboard; sourceTree = "<group>"; };
		8118258421CCEF5C00983628 /* Info.plist */ = {isa = PBXFileReference; lastKnownFileType = text.plist.xml; path = Info.plist; sourceTree = "<group>"; };
		812AB93F21E3D5240089EC70 /* SwipeTableViewController.swift */ = {isa = PBXFileReference; lastKnownFileType = sourcecode.swift; path = SwipeTableViewController.swift; sourceTree = "<group>"; };
		815A8F3921E2688E00900874 /* CategoryViewController.swift */ = {isa = PBXFileReference; lastKnownFileType = sourcecode.swift; path = CategoryViewController.swift; sourceTree = "<group>"; };
		815A8F3D21E3509000900874 /* Item.swift */ = {isa = PBXFileReference; lastKnownFileType = sourcecode.swift; path = Item.swift; sourceTree = "<group>"; };
		815A8F3F21E3509C00900874 /* Category.swift */ = {isa = PBXFileReference; lastKnownFileType = sourcecode.swift; path = Category.swift; sourceTree = "<group>"; };
		D1796E48A13A96703439AB62 /* Pods-Todoey dernier attempt.release.xcconfig */ = {isa = PBXFileReference; includeInIndex = 1; lastKnownFileType = text.xcconfig; name = "Pods-Todoey dernier attempt.release.xcconfig"; path = "Pods/Target Support Files/Pods-Todoey dernier attempt/Pods-Todoey dernier attempt.release.xcconfig"; sourceTree = "<group>"; };
		D9448F430A1D0B66FC7F1559 /* Pods-Todoey dernier attempt.debug.xcconfig */ = {isa = PBXFileReference; includeInIndex = 1; lastKnownFileType = text.xcconfig; name = "Pods-Todoey dernier attempt.debug.xcconfig"; path = "Pods/Target Support Files/Pods-Todoey dernier attempt/Pods-Todoey dernier attempt.debug.xcconfig"; sourceTree = "<group>"; };
		F33CA1609DAE25287378AE60 /* Pods_Todoey_dernier_attempt.framework */ = {isa = PBXFileReference; explicitFileType = wrapper.framework; includeInIndex = 0; path = Pods_Todoey_dernier_attempt.framework; sourceTree = BUILT_PRODUCTS_DIR; };
/* End PBXFileReference section */

/* Begin PBXFrameworksBuildPhase section */
		8118257221CCEF5A00983628 /* Frameworks */ = {
			isa = PBXFrameworksBuildPhase;
			buildActionMask = 2147483647;
			files = (
				C8AD1CA25AD352E02474CE7E /* Pods_Todoey_dernier_attempt.framework in Frameworks */,
			);
			runOnlyForDeploymentPostprocessing = 0;
		};
/* End PBXFrameworksBuildPhase section */

/* Begin PBXGroup section */
		8118256C21CCEF5A00983628 = {
			isa = PBXGroup;
			children = (
				8118257721CCEF5A00983628 /* Todoey dernier attempt */,
				8118257621CCEF5A00983628 /* Products */,
				F7632DC88C97EA33FD99096E /* Pods */,
				951F55E302FE9E48215B4FC2 /* Frameworks */,
			);
			sourceTree = "<group>";
		};
		8118257621CCEF5A00983628 /* Products */ = {
			isa = PBXGroup;
			children = (
				8118257521CCEF5A00983628 /* Todoey dernier attempt.app */,
			);
			name = Products;
			sourceTree = "<group>";
		};
		8118257721CCEF5A00983628 /* Todoey dernier attempt */ = {
			isa = PBXGroup;
			children = (
				8118257821CCEF5A00983628 /* AppDelegate.swift */,
				812EB29321D14D68008C95BC /* Data Model */,
				812EB28F21D14D05008C95BC /* Controllers */,
				812EB29021D14D16008C95BC /* Views */,
				8118258421CCEF5C00983628 /* Info.plist */,
				812EB29421D14DBC008C95BC /* supporting files */,
			);
			path = "Todoey dernier attempt";
			sourceTree = "<group>";
		};
		812EB28F21D14D05008C95BC /* Controllers */ = {
			isa = PBXGroup;
			children = (
				815A8F3921E2688E00900874 /* CategoryViewController.swift */,
				8118257A21CCEF5A00983628 /* TodoListViewController.swift */,
				812AB93F21E3D5240089EC70 /* SwipeTableViewController.swift */,
			);
			path = Controllers;
			sourceTree = "<group>";
		};
		812EB29021D14D16008C95BC /* Views */ = {
			isa = PBXGroup;
			children = (
				8118257C21CCEF5A00983628 /* Main.storyboard */,
			);
			path = Views;
			sourceTree = "<group>";
		};
		812EB29321D14D68008C95BC /* Data Model */ = {
			isa = PBXGroup;
			children = (
				815A8F3F21E3509C00900874 /* Category.swift */,
				815A8F3D21E3509000900874 /* Item.swift */,
			);
			path = "Data Model";
			sourceTree = "<group>";
		};
		812EB29421D14DBC008C95BC /* supporting files */ = {
			isa = PBXGroup;
			children = (
				8118257F21CCEF5C00983628 /* Assets.xcassets */,
				8118258121CCEF5C00983628 /* LaunchScreen.storyboard */,
			);
			path = "supporting files";
			sourceTree = "<group>";
		};
		951F55E302FE9E48215B4FC2 /* Frameworks */ = {
			isa = PBXGroup;
			children = (
				F33CA1609DAE25287378AE60 /* Pods_Todoey_dernier_attempt.framework */,
			);
			name = Frameworks;
			sourceTree = "<group>";
		};
		F7632DC88C97EA33FD99096E /* Pods */ = {
			isa = PBXGroup;
			children = (
				D9448F430A1D0B66FC7F1559 /* Pods-Todoey dernier attempt.debug.xcconfig */,
				D1796E48A13A96703439AB62 /* Pods-Todoey dernier attempt.release.xcconfig */,
			);
			name = Pods;
			sourceTree = "<group>";
		};
/* End PBXGroup section */

/* Begin PBXNativeTarget section */
		8118257421CCEF5A00983628 /* Todoey dernier attempt */ = {
			isa = PBXNativeTarget;
			buildConfigurationList = 8118258721CCEF5C00983628 /* Build configuration list for PBXNativeTarget "Todoey dernier attempt" */;
			buildPhases = (
				D87A69BD9C05BCB4B6141880 /* [CP] Check Pods Manifest.lock */,
				8118257121CCEF5A00983628 /* Sources */,
				8118257221CCEF5A00983628 /* Frameworks */,
				8118257321CCEF5A00983628 /* Resources */,
				42436EC37C77BB8C1ABE7DA4 /* [CP] Embed Pods Frameworks */,
			);
			buildRules = (
			);
			dependencies = (
			);
			name = "Todoey dernier attempt";
			productName = "Todoey dernier attempt";
			productReference = 8118257521CCEF5A00983628 /* Todoey dernier attempt.app */;
			productType = "com.apple.product-type.application";
		};
/* End PBXNativeTarget section */

/* Begin PBXProject section */
		8118256D21CCEF5A00983628 /* Project object */ = {
			isa = PBXProject;
			attributes = {
				LastSwiftUpdateCheck = 0940;
				LastUpgradeCheck = 0940;
				ORGANIZATIONNAME = "BRUNO SMITH";
				TargetAttributes = {
					8118257421CCEF5A00983628 = {
						CreatedOnToolsVersion = 9.4.1;
					};
				};
			};
			buildConfigurationList = 8118257021CCEF5A00983628 /* Build configuration list for PBXProject "Todoey dernier attempt" */;
			compatibilityVersion = "Xcode 9.3";
			developmentRegion = en;
			hasScannedForEncodings = 0;
			knownRegions = (
				en,
				Base,
			);
			mainGroup = 8118256C21CCEF5A00983628;
			productRefGroup = 8118257621CCEF5A00983628 /* Products */;
			projectDirPath = "";
			projectRoot = "";
			targets = (
				8118257421CCEF5A00983628 /* Todoey dernier attempt */,
			);
		};
/* End PBXProject section */

/* Begin PBXResourcesBuildPhase section */
		8118257321CCEF5A00983628 /* Resources */ = {
			isa = PBXResourcesBuildPhase;
			buildActionMask = 2147483647;
			files = (
				8118258321CCEF5C00983628 /* LaunchScreen.storyboard in Resources */,
				8118258021CCEF5C00983628 /* Assets.xcassets in Resources */,
				8118257E21CCEF5A00983628 /* Main.storyboard in Resources */,
			);
			runOnlyForDeploymentPostprocessing = 0;
		};
/* End PBXResourcesBuildPhase section */

/* Begin PBXShellScriptBuildPhase section */
		42436EC37C77BB8C1ABE7DA4 /* [CP] Embed Pods Frameworks */ = {
			isa = PBXShellScriptBuildPhase;
			buildActionMask = 2147483647;
			files = (
			);
			inputPaths = (
				"${SRCROOT}/Pods/Target Support Files/Pods-Todoey dernier attempt/Pods-Todoey dernier attempt-frameworks.sh",
				"${BUILT_PRODUCTS_DIR}/ChameleonFramework/ChameleonFramework.framework",
				"${BUILT_PRODUCTS_DIR}/Realm/Realm.framework",
				"${BUILT_PRODUCTS_DIR}/RealmSwift/RealmSwift.framework",
				"${BUILT_PRODUCTS_DIR}/SwipeCellKit/SwipeCellKit.framework",
			);
			name = "[CP] Embed Pods Frameworks";
			outputPaths = (
				"${TARGET_BUILD_DIR}/${FRAMEWORKS_FOLDER_PATH}/ChameleonFramework.framework",
				"${TARGET_BUILD_DIR}/${FRAMEWORKS_FOLDER_PATH}/Realm.framework",
				"${TARGET_BUILD_DIR}/${FRAMEWORKS_FOLDER_PATH}/RealmSwift.framework",
				"${TARGET_BUILD_DIR}/${FRAMEWORKS_FOLDER_PATH}/SwipeCellKit.framework",
			);
			runOnlyForDeploymentPostprocessing = 0;
			shellPath = /bin/sh;
			shellScript = "\"${SRCROOT}/Pods/Target Support Files/Pods-Todoey dernier attempt/Pods-Todoey dernier attempt-frameworks.sh\"\n";
			showEnvVarsInLog = 0;
		};
		D87A69BD9C05BCB4B6141880 /* [CP] Check Pods Manifest.lock */ = {
			isa = PBXShellScriptBuildPhase;
			buildActionMask = 2147483647;
			files = (
			);
			inputPaths = (
				"${PODS_PODFILE_DIR_PATH}/Podfile.lock",
				"${PODS_ROOT}/Manifest.lock",
			);
			name = "[CP] Check Pods Manifest.lock";
			outputPaths = (
				"$(DERIVED_FILE_DIR)/Pods-Todoey dernier attempt-checkManifestLockResult.txt",
			);
			runOnlyForDeploymentPostprocessing = 0;
			shellPath = /bin/sh;
			shellScript = "diff \"${PODS_PODFILE_DIR_PATH}/Podfile.lock\" \"${PODS_ROOT}/Manifest.lock\" > /dev/null\nif [ $? != 0 ] ; then\n    # print error to STDERR\n    echo \"error: The sandbox is not in sync with the Podfile.lock. Run 'pod install' or update your CocoaPods installation.\" >&2\n    exit 1\nfi\n# This output is used by Xcode 'outputs' to avoid re-running this script phase.\necho \"SUCCESS\" > \"${SCRIPT_OUTPUT_FILE_0}\"\n";
			showEnvVarsInLog = 0;
		};
/* End PBXShellScriptBuildPhase section */

/* Begin PBXSourcesBuildPhase section */
		8118257121CCEF5A00983628 /* Sources */ = {
			isa = PBXSourcesBuildPhase;
			buildActionMask = 2147483647;
			files = (
				815A8F3E21E3509000900874 /* Item.swift in Sources */,
				815A8F3A21E2688E00900874 /* CategoryViewController.swift in Sources */,
				8118257B21CCEF5A00983628 /* TodoListViewController.swift in Sources */,
				8118257921CCEF5A00983628 /* AppDelegate.swift in Sources */,
				812AB94021E3D5240089EC70 /* SwipeTableViewController.swift in Sources */,
				815A8F4021E3509C00900874 /* Category.swift in Sources */,
			);
			runOnlyForDeploymentPostprocessing = 0;
		};
/* End PBXSourcesBuildPhase section */

/* Begin PBXVariantGroup section */
		8118257C21CCEF5A00983628 /* Main.storyboard */ = {
			isa = PBXVariantGroup;
			children = (
				8118257D21CCEF5A00983628 /* Base */,
			);
			name = Main.storyboard;
			sourceTree = "<group>";
		};
		8118258121CCEF5C00983628 /* LaunchScreen.storyboard */ = {
			isa = PBXVariantGroup;
			children = (
				8118258221CCEF5C00983628 /* Base */,
			);
			name = LaunchScreen.storyboard;
			sourceTree = "<group>";
		};
/* End PBXVariantGroup section */

/* Begin XCBuildConfiguration section */
		8118258521CCEF5C00983628 /* Debug */ = {
			isa = XCBuildConfiguration;
			buildSettings = {
				ALWAYS_SEARCH_USER_PATHS = NO;
				CLANG_ANALYZER_NONNULL = YES;
				CLANG_ANALYZER_NUMBER_OBJECT_CONVERSION = YES_AGGRESSIVE;
				CLANG_CXX_LANGUAGE_STANDARD = "gnu++14";
				CLANG_CXX_LIBRARY = "libc++";
				CLANG_ENABLE_MODULES = YES;
				CLANG_ENABLE_OBJC_ARC = YES;
				CLANG_ENABLE_OBJC_WEAK = YES;
				CLANG_WARN_BLOCK_CAPTURE_AUTORELEASING = YES;
				CLANG_WARN_BOOL_CONVERSION = YES;
				CLANG_WARN_COMMA = YES;
				CLANG_WARN_CONSTANT_CONVERSION = YES;
				CLANG_WARN_DEPRECATED_OBJC_IMPLEMENTATIONS = YES;
				CLANG_WARN_DIRECT_OBJC_ISA_USAGE = YES_ERROR;
				CLANG_WARN_DOCUMENTATION_COMMENTS = YES;
				CLANG_WARN_EMPTY_BODY = YES;
				CLANG_WARN_ENUM_CONVERSION = YES;
				CLANG_WARN_INFINITE_RECURSION = YES;
				CLANG_WARN_INT_CONVERSION = YES;
				CLANG_WARN_NON_LITERAL_NULL_CONVERSION = YES;
				CLANG_WARN_OBJC_IMPLICIT_RETAIN_SELF = YES;
				CLANG_WARN_OBJC_LITERAL_CONVERSION = YES;
				CLANG_WARN_OBJC_ROOT_CLASS = YES_ERROR;
				CLANG_WARN_RANGE_LOOP_ANALYSIS = YES;
				CLANG_WARN_STRICT_PROTOTYPES = YES;
				CLANG_WARN_SUSPICIOUS_MOVE = YES;
				CLANG_WARN_UNGUARDED_AVAILABILITY = YES_AGGRESSIVE;
				CLANG_WARN_UNREACHABLE_CODE = YES;
				CLANG_WARN__DUPLICATE_METHOD_MATCH = YES;
				CODE_SIGN_IDENTITY = "iPhone Developer";
				COPY_PHASE_STRIP = NO;
				DEBUG_INFORMATION_FORMAT = dwarf;
				ENABLE_STRICT_OBJC_MSGSEND = YES;
				ENABLE_TESTABILITY = YES;
				GCC_C_LANGUAGE_STANDARD = gnu11;
				GCC_DYNAMIC_NO_PIC = NO;
				GCC_NO_COMMON_BLOCKS = YES;
				GCC_OPTIMIZATION_LEVEL = 0;
				GCC_PREPROCESSOR_DEFINITIONS = (
					"DEBUG=1",
					"$(inherited)",
				);
				GCC_WARN_64_TO_32_BIT_CONVERSION = YES;
				GCC_WARN_ABOUT_RETURN_TYPE = YES_ERROR;
				GCC_WARN_UNDECLARED_SELECTOR = YES;
				GCC_WARN_UNINITIALIZED_AUTOS = YES_AGGRESSIVE;
				GCC_WARN_UNUSED_FUNCTION = YES;
				GCC_WARN_UNUSED_VARIABLE = YES;
				IPHONEOS_DEPLOYMENT_TARGET = 11.4;
				MTL_ENABLE_DEBUG_INFO = YES;
				ONLY_ACTIVE_ARCH = YES;
				SDKROOT = iphoneos;
				SWIFT_ACTIVE_COMPILATION_CONDITIONS = DEBUG;
				SWIFT_OPTIMIZATION_LEVEL = "-Onone";
			};
			name = Debug;
		};
		8118258621CCEF5C00983628 /* Release */ = {
			isa = XCBuildConfiguration;
			buildSettings = {
				ALWAYS_SEARCH_USER_PATHS = NO;
				CLANG_ANALYZER_NONNULL = YES;
				CLANG_ANALYZER_NUMBER_OBJECT_CONVERSION = YES_AGGRESSIVE;
				CLANG_CXX_LANGUAGE_STANDARD = "gnu++14";
				CLANG_CXX_LIBRARY = "libc++";
				CLANG_ENABLE_MODULES = YES;
				CLANG_ENABLE_OBJC_ARC = YES;
				CLANG_ENABLE_OBJC_WEAK = YES;
				CLANG_WARN_BLOCK_CAPTURE_AUTORELEASING = YES;
				CLANG_WARN_BOOL_CONVERSION = YES;
				CLANG_WARN_COMMA = YES;
				CLANG_WARN_CONSTANT_CONVERSION = YES;
				CLANG_WARN_DEPRECATED_OBJC_IMPLEMENTATIONS = YES;
				CLANG_WARN_DIRECT_OBJC_ISA_USAGE = YES_ERROR;
				CLANG_WARN_DOCUMENTATION_COMMENTS = YES;
				CLANG_WARN_EMPTY_BODY = YES;
				CLANG_WARN_ENUM_CONVERSION = YES;
				CLANG_WARN_INFINITE_RECURSION = YES;
				CLANG_WARN_INT_CONVERSION = YES;
				CLANG_WARN_NON_LITERAL_NULL_CONVERSION = YES;
				CLANG_WARN_OBJC_IMPLICIT_RETAIN_SELF = YES;
				CLANG_WARN_OBJC_LITERAL_CONVERSION = YES;
				CLANG_WARN_OBJC_ROOT_CLASS = YES_ERROR;
				CLANG_WARN_RANGE_LOOP_ANALYSIS = YES;
				CLANG_WARN_STRICT_PROTOTYPES = YES;
				CLANG_WARN_SUSPICIOUS_MOVE = YES;
				CLANG_WARN_UNGUARDED_AVAILABILITY = YES_AGGRESSIVE;
				CLANG_WARN_UNREACHABLE_CODE = YES;
				CLANG_WARN__DUPLICATE_METHOD_MATCH = YES;
				CODE_SIGN_IDENTITY = "iPhone Developer";
				COPY_PHASE_STRIP = NO;
				DEBUG_INFORMATION_FORMAT = "dwarf-with-dsym";
				ENABLE_NS_ASSERTIONS = NO;
				ENABLE_STRICT_OBJC_MSGSEND = YES;
				GCC_C_LANGUAGE_STANDARD = gnu11;
				GCC_NO_COMMON_BLOCKS = YES;
				GCC_WARN_64_TO_32_BIT_CONVERSION = YES;
				GCC_WARN_ABOUT_RETURN_TYPE = YES_ERROR;
				GCC_WARN_UNDECLARED_SELECTOR = YES;
				GCC_WARN_UNINITIALIZED_AUTOS = YES_AGGRESSIVE;
				GCC_WARN_UNUSED_FUNCTION = YES;
				GCC_WARN_UNUSED_VARIABLE = YES;
				IPHONEOS_DEPLOYMENT_TARGET = 11.4;
				MTL_ENABLE_DEBUG_INFO = NO;
				SDKROOT = iphoneos;
				SWIFT_COMPILATION_MODE = wholemodule;
				SWIFT_OPTIMIZATION_LEVEL = "-O";
				VALIDATE_PRODUCT = YES;
			};
			name = Release;
		};
		8118258821CCEF5C00983628 /* Debug */ = {
			isa = XCBuildConfiguration;
			baseConfigurationReference = D9448F430A1D0B66FC7F1559 /* Pods-Todoey dernier attempt.debug.xcconfig */;
			buildSettings = {
				ASSETCATALOG_COMPILER_APPICON_NAME = AppIcon;
				CODE_SIGN_STYLE = Automatic;
				DEVELOPMENT_TEAM = YKC478VBRZ;
				INFOPLIST_FILE = "Todoey dernier attempt/Info.plist";
				LD_RUNPATH_SEARCH_PATHS = (
					"$(inherited)",
					"@executable_path/Frameworks",
				);
				PRODUCT_BUNDLE_IDENTIFIER = "z.Todoey-dernier-attempt";
				PRODUCT_NAME = "$(TARGET_NAME)";
				SWIFT_VERSION = 4.0;
				TARGETED_DEVICE_FAMILY = "1,2";
			};
			name = Debug;
		};
		8118258921CCEF5C00983628 /* Release */ = {
			isa = XCBuildConfiguration;
			baseConfigurationReference = D1796E48A13A96703439AB62 /* Pods-Todoey dernier attempt.release.xcconfig */;
			buildSettings = {
				ASSETCATALOG_COMPILER_APPICON_NAME = AppIcon;
				CODE_SIGN_STYLE = Automatic;
				DEVELOPMENT_TEAM = YKC478VBRZ;
				INFOPLIST_FILE = "Todoey dernier attempt/Info.plist";
				LD_RUNPATH_SEARCH_PATHS = (
					"$(inherited)",
					"@executable_path/Frameworks",
				);
				PRODUCT_BUNDLE_IDENTIFIER = "z.Todoey-dernier-attempt";
				PRODUCT_NAME = "$(TARGET_NAME)";
				SWIFT_VERSION = 4.0;
				TARGETED_DEVICE_FAMILY = "1,2";
			};
			name = Release;
		};
/* End XCBuildConfiguration section */

/* Begin XCConfigurationList section */
		8118257021CCEF5A00983628 /* Build configuration list for PBXProject "Todoey dernier attempt" */ = {
			isa = XCConfigurationList;
			buildConfigurations = (
				8118258521CCEF5C00983628 /* Debug */,
				8118258621CCEF5C00983628 /* Release */,
			);
			defaultConfigurationIsVisible = 0;
			defaultConfigurationName = Release;
		};
		8118258721CCEF5C00983628 /* Build configuration list for PBXNativeTarget "Todoey dernier attempt" */ = {
			isa = XCConfigurationList;
			buildConfigurations = (
				8118258821CCEF5C00983628 /* Debug */,
				8118258921CCEF5C00983628 /* Release */,
			);
			defaultConfigurationIsVisible = 0;
			defaultConfigurationName = Release;
		};
/* End XCConfigurationList section */
	};
	rootObject = 8118256D21CCEF5A00983628 /* Project object */;
}
